
Microsoft Visual Studio Solution File, Format Version 12.00
# Visual Studio Version 16
VisualStudioVersion = 16.0.31910.168
MinimumVisualStudioVersion = 10.0.40219.1
Project("{FAE04EC0-301F-11D3-BF4B-00C04F79EFBC}") = "21_inherit", "21_inherit\21_inherit.csproj", "{C5F2B0B9-0CDD-4EE6-AF41-997495430CDE}"
EndProject
Global
	GlobalSection(SolutionConfigurationPlatforms) = preSolution
		Debug|Any CPU = Debug|Any CPU
		Release|Any CPU = Release|Any CPU
	EndGlobalSection
	GlobalSection(ProjectConfigurationPlatforms) = postSolution
		{C5F2B0B9-0CDD-4EE6-AF41-997495430CDE}.Debug|Any CPU.ActiveCfg = Debug|Any CPU
		{C5F2B0B9-0CDD-4EE6-AF41-997495430CDE}.Debug|Any CPU.Build.0 = Debug|Any CPU
		{C5F2B0B9-0CDD-4EE6-AF41-997495430CDE}.Release|Any CPU.ActiveCfg = Release|Any CPU
		{C5F2B0B9-0CDD-4EE6-AF41-997495430CDE}.Release|Any CPU.Build.0 = Release|Any CPU
	EndGlobalSection
	GlobalSection(SolutionProperties) = preSolution
		HideSolutionNode = FALSE
	EndGlobalSection
	GlobalSection(ExtensibilityGlobals) = postSolution
		SolutionGuid = {045BCAD4-4EDF-4F3C-B802-4EC44CEB108B}
	EndGlobalSection
EndGlobal
