
Microsoft Visual Studio Solution File, Format Version 12.00
# Visual Studio Version 16
VisualStudioVersion = 16.0.31910.168
MinimumVisualStudioVersion = 10.0.40219.1
Project("{FAE04EC0-301F-11D3-BF4B-00C04F79EFBC}") = "Array", "Array\Array.csproj", "{6ED34799-11C5-4E01-A532-1BDE1C238963}"
EndProject
Global
	GlobalSection(SolutionConfigurationPlatforms) = preSolution
		Debug|Any CPU = Debug|Any CPU
		Release|Any CPU = Release|Any CPU
	EndGlobalSection
	GlobalSection(ProjectConfigurationPlatforms) = postSolution
		{6ED34799-11C5-4E01-A532-1BDE1C238963}.Debug|Any CPU.ActiveCfg = Debug|Any CPU
		{6ED34799-11C5-4E01-A532-1BDE1C238963}.Debug|Any CPU.Build.0 = Debug|Any CPU
		{6ED34799-11C5-4E01-A532-1BDE1C238963}.Release|Any CPU.ActiveCfg = Release|Any CPU
		{6ED34799-11C5-4E01-A532-1BDE1C238963}.Release|Any CPU.Build.0 = Release|Any CPU
	EndGlobalSection
	GlobalSection(SolutionProperties) = preSolution
		HideSolutionNode = FALSE
	EndGlobalSection
	GlobalSection(ExtensibilityGlobals) = postSolution
		SolutionGuid = {3AEA20CB-7068-4772-A57F-0B04DAC63D2F}
	EndGlobalSection
EndGlobal
