
Microsoft Visual Studio Solution File, Format Version 12.00
# Visual Studio Version 16
VisualStudioVersion = 16.0.31910.168
MinimumVisualStudioVersion = 10.0.40219.1
Project("{FAE04EC0-301F-11D3-BF4B-00C04F79EFBC}") = "MethodsAndObjects", "MethodsAndObjects\MethodsAndObjects.csproj", "{FCDB5E2C-D1C0-4C19-B5D0-A60F28A23E07}"
EndProject
Global
	GlobalSection(SolutionConfigurationPlatforms) = preSolution
		Debug|Any CPU = Debug|Any CPU
		Release|Any CPU = Release|Any CPU
	EndGlobalSection
	GlobalSection(ProjectConfigurationPlatforms) = postSolution
		{FCDB5E2C-D1C0-4C19-B5D0-A60F28A23E07}.Debug|Any CPU.ActiveCfg = Debug|Any CPU
		{FCDB5E2C-D1C0-4C19-B5D0-A60F28A23E07}.Debug|Any CPU.Build.0 = Debug|Any CPU
		{FCDB5E2C-D1C0-4C19-B5D0-A60F28A23E07}.Release|Any CPU.ActiveCfg = Release|Any CPU
		{FCDB5E2C-D1C0-4C19-B5D0-A60F28A23E07}.Release|Any CPU.Build.0 = Release|Any CPU
	EndGlobalSection
	GlobalSection(SolutionProperties) = preSolution
		HideSolutionNode = FALSE
	EndGlobalSection
	GlobalSection(ExtensibilityGlobals) = postSolution
		SolutionGuid = {D99AD6EC-2BBE-4C05-8F46-049BB430DE6E}
	EndGlobalSection
EndGlobal
