
Microsoft Visual Studio Solution File, Format Version 12.00
# Visual Studio Version 16
VisualStudioVersion = 16.0.31910.168
MinimumVisualStudioVersion = 10.0.40219.1
Project("{FAE04EC0-301F-11D3-BF4B-00C04F79EFBC}") = "boolean_seguro", "boolean_seguro\boolean_seguro.csproj", "{DE3D9A04-574F-45F9-A364-54B2CD8B96CB}"
EndProject
Global
	GlobalSection(SolutionConfigurationPlatforms) = preSolution
		Debug|Any CPU = Debug|Any CPU
		Release|Any CPU = Release|Any CPU
	EndGlobalSection
	GlobalSection(ProjectConfigurationPlatforms) = postSolution
		{DE3D9A04-574F-45F9-A364-54B2CD8B96CB}.Debug|Any CPU.ActiveCfg = Debug|Any CPU
		{DE3D9A04-574F-45F9-A364-54B2CD8B96CB}.Debug|Any CPU.Build.0 = Debug|Any CPU
		{DE3D9A04-574F-45F9-A364-54B2CD8B96CB}.Release|Any CPU.ActiveCfg = Release|Any CPU
		{DE3D9A04-574F-45F9-A364-54B2CD8B96CB}.Release|Any CPU.Build.0 = Release|Any CPU
	EndGlobalSection
	GlobalSection(SolutionProperties) = preSolution
		HideSolutionNode = FALSE
	EndGlobalSection
	GlobalSection(ExtensibilityGlobals) = postSolution
		SolutionGuid = {B5156DF7-FCAE-4A17-9F57-158639F1529B}
	EndGlobalSection
EndGlobal
