
Microsoft Visual Studio Solution File, Format Version 12.00
# Visual Studio Version 16
VisualStudioVersion = 16.0.31910.168
MinimumVisualStudioVersion = 10.0.40219.1
Project("{FAE04EC0-301F-11D3-BF4B-00C04F79EFBC}") = "SixPart", "SixPart\SixPart.csproj", "{E9DD44B1-6F1B-4981-9066-991863438368}"
EndProject
Global
	GlobalSection(SolutionConfigurationPlatforms) = preSolution
		Debug|Any CPU = Debug|Any CPU
		Release|Any CPU = Release|Any CPU
	EndGlobalSection
	GlobalSection(ProjectConfigurationPlatforms) = postSolution
		{E9DD44B1-6F1B-4981-9066-991863438368}.Debug|Any CPU.ActiveCfg = Debug|Any CPU
		{E9DD44B1-6F1B-4981-9066-991863438368}.Debug|Any CPU.Build.0 = Debug|Any CPU
		{E9DD44B1-6F1B-4981-9066-991863438368}.Release|Any CPU.ActiveCfg = Release|Any CPU
		{E9DD44B1-6F1B-4981-9066-991863438368}.Release|Any CPU.Build.0 = Release|Any CPU
	EndGlobalSection
	GlobalSection(SolutionProperties) = preSolution
		HideSolutionNode = FALSE
	EndGlobalSection
	GlobalSection(ExtensibilityGlobals) = postSolution
		SolutionGuid = {6FB25D1D-2CC2-4D20-AC7A-37114760C884}
	EndGlobalSection
EndGlobal
